lockfileVersion: '6.0'

dependencies:
  firebase:
    specifier: ^9.20.0
    version: 9.20.0

devDependencies:
  '@rollup/plugin-json':
    specifier: ^6.0.0
    version: 6.0.0(rollup@3.21.0)
  '@rollup/plugin-node-resolve':
    specifier: ^15.0.2
    version: 15.0.2(rollup@3.21.0)
  '@rollup/plugin-typescript':
    specifier: ^11.1.0
    version: 11.1.0(rollup@3.21.0)(typescript@5.0.4)
  rollup:
    specifier: ^3.21.0
    version: 3.21.0

packages:

  /@firebase/analytics-compat@0.2.5(@firebase/app-compat@0.2.8)(@firebase/app@0.9.8):
    resolution: {integrity: sha512-ohKUrwSoXvyUJdSLuDr82mOqrzgWKyHMUt9/TfYKkyDXnFjNlBcFBpkpl/UHMAOJe0M60YYXiVCZoGQYldCslA==}
    peerDependencies:
      '@firebase/app-compat': 0.x
    dependencies:
      '@firebase/analytics': 0.9.5(@firebase/app@0.9.8)
      '@firebase/analytics-types': 0.8.0
      '@firebase/app-compat': 0.2.8
      '@firebase/component': 0.6.4
      '@firebase/util': 1.9.3
      tslib: 2.5.0
    transitivePeerDependencies:
      - '@firebase/app'
    dev: false

  /@firebase/analytics-types@0.8.0:
    resolution: {integrity: sha512-iRP+QKI2+oz3UAh4nPEq14CsEjrjD6a5+fuypjScisAh9kXKFvdJOZJDwk7kikLvWVLGEs9+kIUS4LPQV7VZVw==}
    dev: false

  /@firebase/analytics@0.9.5(@firebase/app@0.9.8):
    resolution: {integrity: sha512-hJTVs2jLxPXE7hs7D/jaEsgGivrm7tSEl65kb5NkDBWV7QQBUnRfVML/xra9nTFLLJhAdbExZPHg6HfIuMSYEQ==}
    peerDependencies:
      '@firebase/app': 0.x
    dependencies:
      '@firebase/app': 0.9.8
      '@firebase/component': 0.6.4
      '@firebase/installations': 0.6.4(@firebase/app@0.9.8)
      '@firebase/logger': 0.4.0
      '@firebase/util': 1.9.3
      tslib: 2.5.0
    dev: false

  /@firebase/app-check-compat@0.3.5(@firebase/app-compat@0.2.8)(@firebase/app@0.9.8):
    resolution: {integrity: sha512-ji+LxuM2AyFCaJCBfJllnQ1OIedMq+iMwzABlfP9yVrhcR6ZSdCLLhDGMyoENyoPiZo6av+5b3acYUTYrffFeQ==}
    peerDependencies:
      '@firebase/app-compat': 0.x
    dependencies:
      '@firebase/app-check': 0.6.5(@firebase/app@0.9.8)
      '@firebase/app-check-types': 0.5.0
      '@firebase/app-compat': 0.2.8
      '@firebase/component': 0.6.4
      '@firebase/logger': 0.4.0
      '@firebase/util': 1.9.3
      tslib: 2.5.0
    transitivePeerDependencies:
      - '@firebase/app'
    dev: false

  /@firebase/app-check-interop-types@0.2.0:
    resolution: {integrity: sha512-+3PQIeX6/eiVK+x/yg8r6xTNR97fN7MahFDm+jiQmDjcyvSefoGuTTNQuuMScGyx3vYUBeZn+Cp9kC0yY/9uxQ==}
    dev: false

  /@firebase/app-check-types@0.5.0:
    resolution: {integrity: sha512-uwSUj32Mlubybw7tedRzR24RP8M8JUVR3NPiMk3/Z4bCmgEKTlQBwMXrehDAZ2wF+TsBq0SN1c6ema71U/JPyQ==}
    dev: false

  /@firebase/app-check@0.6.5(@firebase/app@0.9.8):
    resolution: {integrity: sha512-TCHJ+kghqDiNWCXAsPnHaE98CxBfEW9D16CIC3gYVaXrh3w42UNWqbR+S+ggSc7xN+vP9QRhCOY5pvr7rBEEUg==}
    peerDependencies:
      '@firebase/app': 0.x
    dependencies:
      '@firebase/app': 0.9.8
      '@firebase/component': 0.6.4
      '@firebase/logger': 0.4.0
      '@firebase/util': 1.9.3
      tslib: 2.5.0
    dev: false

  /@firebase/app-compat@0.2.8:
    resolution: {integrity: sha512-aG9juNXD+m8gWs6VnrLUWWV1LtJu8W0+uyX5u+Sz6YjDO69JN2jEaxCsb7Wr1egXKKJN1YrhoS+0kQqWakp61Q==}
    dependencies:
      '@firebase/app': 0.9.8
      '@firebase/component': 0.6.4
      '@firebase/logger': 0.4.0
      '@firebase/util': 1.9.3
      tslib: 2.5.0
    dev: false

  /@firebase/app-types@0.9.0:
    resolution: {integrity: sha512-AeweANOIo0Mb8GiYm3xhTEBVCmPwTYAu9Hcd2qSkLuga/6+j9b1Jskl5bpiSQWy9eJ/j5pavxj6eYogmnuzm+Q==}
    dev: false

  /@firebase/app@0.9.8:
    resolution: {integrity: sha512-mYoH/aT4Dx6szBBnO7qcEr5ieJRnWU9TENgPiZI5DtkrIDTpW9540KMn996176PkR4GbLKto6rtvUX5P7ii+KQ==}
    dependencies:
      '@firebase/component': 0.6.4
      '@firebase/logger': 0.4.0
      '@firebase/util': 1.9.3
      idb: 7.0.1
      tslib: 2.5.0
    dev: false

  /@firebase/auth-compat@0.4.0(@firebase/app-compat@0.2.8)(@firebase/app-types@0.9.0)(@firebase/app@0.9.8):
    resolution: {integrity: sha512-MS4S90rOjv9/DkumQkKbQs84YgRVHLFQKI+UI3PRdbPO+50Bl3MNXtTyGlLKSIdMjMISeX8IbyBmCdOOTQZmLw==}
    peerDependencies:
      '@firebase/app-compat': 0.x
    dependencies:
      '@firebase/app-compat': 0.2.8
      '@firebase/auth': 0.23.0(@firebase/app@0.9.8)
      '@firebase/auth-types': 0.12.0(@firebase/app-types@0.9.0)(@firebase/util@1.9.3)
      '@firebase/component': 0.6.4
      '@firebase/util': 1.9.3
      node-fetch: 2.6.7
      tslib: 2.5.0
    transitivePeerDependencies:
      - '@firebase/app'
      - '@firebase/app-types'
      - encoding
    dev: false

  /@firebase/auth-interop-types@0.2.1:
    resolution: {integrity: sha512-VOaGzKp65MY6P5FI84TfYKBXEPi6LmOCSMMzys6o2BN2LOsqy7pCuZCup7NYnfbk5OkkQKzvIfHOzTm0UDpkyg==}
    dev: false

  /@firebase/auth-types@0.12.0(@firebase/app-types@0.9.0)(@firebase/util@1.9.3):
    resolution: {integrity: sha512-pPwaZt+SPOshK8xNoiQlK5XIrS97kFYc3Rc7xmy373QsOJ9MmqXxLaYssP5Kcds4wd2qK//amx/c+A8O2fVeZA==}
    peerDependencies:
      '@firebase/app-types': 0.x
      '@firebase/util': 1.x
    dependencies:
      '@firebase/app-types': 0.9.0
      '@firebase/util': 1.9.3
    dev: false

  /@firebase/auth@0.23.0(@firebase/app@0.9.8):
    resolution: {integrity: sha512-OzDs1osO8R/9BIgKLoJCRoDdR4sM/MUVu2mNhMya2qJVH00I1fYqrmGeV3jUH5vcy0MYkJvxa2J7oXetaoKcCg==}
    peerDependencies:
      '@firebase/app': 0.x
    dependencies:
      '@firebase/app': 0.9.8
      '@firebase/component': 0.6.4
      '@firebase/logger': 0.4.0
      '@firebase/util': 1.9.3
      node-fetch: 2.6.7
      tslib: 2.5.0
    transitivePeerDependencies:
      - encoding
    dev: false

  /@firebase/component@0.6.4:
    resolution: {integrity: sha512-rLMyrXuO9jcAUCaQXCMjCMUsWrba5fzHlNK24xz5j2W6A/SRmK8mZJ/hn7V0fViLbxC0lPMtrK1eYzk6Fg03jA==}
    dependencies:
      '@firebase/util': 1.9.3
      tslib: 2.5.0
    dev: false

  /@firebase/database-compat@0.3.4:
    resolution: {integrity: sha512-kuAW+l+sLMUKBThnvxvUZ+Q1ZrF/vFJ58iUY9kAcbX48U03nVzIF6Tmkf0p3WVQwMqiXguSgtOPIB6ZCeF+5Gg==}
    dependencies:
      '@firebase/component': 0.6.4
      '@firebase/database': 0.14.4
      '@firebase/database-types': 0.10.4
      '@firebase/logger': 0.4.0
      '@firebase/util': 1.9.3
      tslib: 2.5.0
    dev: false

  /@firebase/database-types@0.10.4:
    resolution: {integrity: sha512-dPySn0vJ/89ZeBac70T+2tWWPiJXWbmRygYv0smT5TfE3hDrQ09eKMF3Y+vMlTdrMWq7mUdYW5REWPSGH4kAZQ==}
    dependencies:
      '@firebase/app-types': 0.9.0
      '@firebase/util': 1.9.3
    dev: false

  /@firebase/database@0.14.4:
    resolution: {integrity: sha512-+Ea/IKGwh42jwdjCyzTmeZeLM3oy1h0mFPsTy6OqCWzcu/KFqRAr5Tt1HRCOBlNOdbh84JPZC47WLU18n2VbxQ==}
    dependencies:
      '@firebase/auth-interop-types': 0.2.1
      '@firebase/component': 0.6.4
      '@firebase/logger': 0.4.0
      '@firebase/util': 1.9.3
      faye-websocket: 0.11.4
      tslib: 2.5.0
    dev: false

  /@firebase/firestore-compat@0.3.7(@firebase/app-compat@0.2.8)(@firebase/app-types@0.9.0)(@firebase/app@0.9.8):
    resolution: {integrity: sha512-pwSEh75e0WIQjU6UdZJcdP0AO1Tj2P7r1aIWcBf7kdqTOwZmplxhJ/rXNL6IaKo2fP+/9osXaLZiBH6WWrSbfQ==}
    peerDependencies:
      '@firebase/app-compat': 0.x
    dependencies:
      '@firebase/app-compat': 0.2.8
      '@firebase/component': 0.6.4
      '@firebase/firestore': 3.10.1(@firebase/app@0.9.8)
      '@firebase/firestore-types': 2.5.1(@firebase/app-types@0.9.0)(@firebase/util@1.9.3)
      '@firebase/util': 1.9.3
      tslib: 2.5.0
    transitivePeerDependencies:
      - '@firebase/app'
      - '@firebase/app-types'
      - encoding
    dev: false

  /@firebase/firestore-types@2.5.1(@firebase/app-types@0.9.0)(@firebase/util@1.9.3):
    resolution: {integrity: sha512-xG0CA6EMfYo8YeUxC8FeDzf6W3FX1cLlcAGBYV6Cku12sZRI81oWcu61RSKM66K6kUENP+78Qm8mvroBcm1whw==}
    peerDependencies:
      '@firebase/app-types': 0.x
      '@firebase/util': 1.x
    dependencies:
      '@firebase/app-types': 0.9.0
      '@firebase/util': 1.9.3
    dev: false

  /@firebase/firestore@3.10.1(@firebase/app@0.9.8):
    resolution: {integrity: sha512-p+WQMLkuHECVjB6zoyZYF4OjudquW9IlHsBx7eIfyvOZyOtTEmbSmNrJaWsqCZ/9kDo94XYJx/eZQ2Y4WBAV4A==}
    engines: {node: '>=10.10.0'}
    peerDependencies:
      '@firebase/app': 0.x
    dependencies:
      '@firebase/app': 0.9.8
      '@firebase/component': 0.6.4
      '@firebase/logger': 0.4.0
      '@firebase/util': 1.9.3
      '@firebase/webchannel-wrapper': 0.9.0
      '@grpc/grpc-js': 1.7.3
      '@grpc/proto-loader': 0.6.13
      node-fetch: 2.6.7
      tslib: 2.5.0
    transitivePeerDependencies:
      - encoding
    dev: false

  /@firebase/functions-compat@0.3.4(@firebase/app-compat@0.2.8)(@firebase/app@0.9.8):
    resolution: {integrity: sha512-kxVxTGyLV1MBR3sp3mI+eQ6JBqz0G5bk310F8eX4HzDFk4xjk5xY0KdHktMH+edM2xs1BOg0vwvvsAHczIjB+w==}
    peerDependencies:
      '@firebase/app-compat': 0.x
    dependencies:
      '@firebase/app-compat': 0.2.8
      '@firebase/component': 0.6.4
      '@firebase/functions': 0.9.4(@firebase/app@0.9.8)
      '@firebase/functions-types': 0.6.0
      '@firebase/util': 1.9.3
      tslib: 2.5.0
    transitivePeerDependencies:
      - '@firebase/app'
      - encoding
    dev: false

  /@firebase/functions-types@0.6.0:
    resolution: {integrity: sha512-hfEw5VJtgWXIRf92ImLkgENqpL6IWpYaXVYiRkFY1jJ9+6tIhWM7IzzwbevwIIud/jaxKVdRzD7QBWfPmkwCYw==}
    dev: false

  /@firebase/functions@0.9.4(@firebase/app@0.9.8):
    resolution: {integrity: sha512-3H2qh6U+q+nepO5Hds+Ddl6J0pS+zisuBLqqQMRBHv9XpWfu0PnDHklNmE8rZ+ccTEXvBj6zjkPfdxt6NisvlQ==}
    peerDependencies:
      '@firebase/app': 0.x
    dependencies:
      '@firebase/app': 0.9.8
      '@firebase/app-check-interop-types': 0.2.0
      '@firebase/auth-interop-types': 0.2.1
      '@firebase/component': 0.6.4
      '@firebase/messaging-interop-types': 0.2.0
      '@firebase/util': 1.9.3
      node-fetch: 2.6.7
      tslib: 2.5.0
    transitivePeerDependencies:
      - encoding
    dev: false

  /@firebase/installations-compat@0.2.4(@firebase/app-compat@0.2.8)(@firebase/app-types@0.9.0)(@firebase/app@0.9.8):
    resolution: {integrity: sha512-LI9dYjp0aT9Njkn9U4JRrDqQ6KXeAmFbRC0E7jI7+hxl5YmRWysq5qgQl22hcWpTk+cm3es66d/apoDU/A9n6Q==}
    peerDependencies:
      '@firebase/app-compat': 0.x
    dependencies:
      '@firebase/app-compat': 0.2.8
      '@firebase/component': 0.6.4
      '@firebase/installations': 0.6.4(@firebase/app@0.9.8)
      '@firebase/installations-types': 0.5.0(@firebase/app-types@0.9.0)
      '@firebase/util': 1.9.3
      tslib: 2.5.0
    transitivePeerDependencies:
      - '@firebase/app'
      - '@firebase/app-types'
    dev: false

  /@firebase/installations-types@0.5.0(@firebase/app-types@0.9.0):
    resolution: {integrity: sha512-9DP+RGfzoI2jH7gY4SlzqvZ+hr7gYzPODrbzVD82Y12kScZ6ZpRg/i3j6rleto8vTFC8n6Len4560FnV1w2IRg==}
    peerDependencies:
      '@firebase/app-types': 0.x
    dependencies:
      '@firebase/app-types': 0.9.0
    dev: false

  /@firebase/installations@0.6.4(@firebase/app@0.9.8):
    resolution: {integrity: sha512-u5y88rtsp7NYkCHC3ElbFBrPtieUybZluXyzl7+4BsIz4sqb4vSAuwHEUgCgCeaQhvsnxDEU6icly8U9zsJigA==}
    peerDependencies:
      '@firebase/app': 0.x
    dependencies:
      '@firebase/app': 0.9.8
      '@firebase/component': 0.6.4
      '@firebase/util': 1.9.3
      idb: 7.0.1
      tslib: 2.5.0
    dev: false

  /@firebase/logger@0.4.0:
    resolution: {integrity: sha512-eRKSeykumZ5+cJPdxxJRgAC3G5NknY2GwEbKfymdnXtnT0Ucm4pspfR6GT4MUQEDuJwRVbVcSx85kgJulMoFFA==}
    dependencies:
      tslib: 2.5.0
    dev: false

  /@firebase/messaging-compat@0.2.4(@firebase/app-compat@0.2.8)(@firebase/app@0.9.8):
    resolution: {integrity: sha512-lyFjeUhIsPRYDPNIkYX1LcZMpoVbBWXX4rPl7c/rqc7G+EUea7IEtSt4MxTvh6fDfPuzLn7+FZADfscC+tNMfg==}
    peerDependencies:
      '@firebase/app-compat': 0.x
    dependencies:
      '@firebase/app-compat': 0.2.8
      '@firebase/component': 0.6.4
      '@firebase/messaging': 0.12.4(@firebase/app@0.9.8)
      '@firebase/util': 1.9.3
      tslib: 2.5.0
    transitivePeerDependencies:
      - '@firebase/app'
    dev: false

  /@firebase/messaging-interop-types@0.2.0:
    resolution: {integrity: sha512-ujA8dcRuVeBixGR9CtegfpU4YmZf3Lt7QYkcj693FFannwNuZgfAYaTmbJ40dtjB81SAu6tbFPL9YLNT15KmOQ==}
    dev: false

  /@firebase/messaging@0.12.4(@firebase/app@0.9.8):
    resolution: {integrity: sha512-6JLZct6zUaex4g7HI3QbzeUrg9xcnmDAPTWpkoMpd/GoSVWH98zDoWXMGrcvHeCAIsLpFMe4MPoZkJbrPhaASw==}
    peerDependencies:
      '@firebase/app': 0.x
    dependencies:
      '@firebase/app': 0.9.8
      '@firebase/component': 0.6.4
      '@firebase/installations': 0.6.4(@firebase/app@0.9.8)
      '@firebase/messaging-interop-types': 0.2.0
      '@firebase/util': 1.9.3
      idb: 7.0.1
      tslib: 2.5.0
    dev: false

  /@firebase/performance-compat@0.2.4(@firebase/app-compat@0.2.8)(@firebase/app@0.9.8):
    resolution: {integrity: sha512-nnHUb8uP9G8islzcld/k6Bg5RhX62VpbAb/Anj7IXs/hp32Eb2LqFPZK4sy3pKkBUO5wcrlRWQa6wKOxqlUqsg==}
    peerDependencies:
      '@firebase/app-compat': 0.x
    dependencies:
      '@firebase/app-compat': 0.2.8
      '@firebase/component': 0.6.4
      '@firebase/logger': 0.4.0
      '@firebase/performance': 0.6.4(@firebase/app@0.9.8)
      '@firebase/performance-types': 0.2.0
      '@firebase/util': 1.9.3
      tslib: 2.5.0
    transitivePeerDependencies:
      - '@firebase/app'
    dev: false

  /@firebase/performance-types@0.2.0:
    resolution: {integrity: sha512-kYrbr8e/CYr1KLrLYZZt2noNnf+pRwDq2KK9Au9jHrBMnb0/C9X9yWSXmZkFt4UIdsQknBq8uBB7fsybZdOBTA==}
    dev: false

  /@firebase/performance@0.6.4(@firebase/app@0.9.8):
    resolution: {integrity: sha512-HfTn/bd8mfy/61vEqaBelNiNnvAbUtME2S25A67Nb34zVuCSCRIX4SseXY6zBnOFj3oLisaEqhVcJmVPAej67g==}
    peerDependencies:
      '@firebase/app': 0.x
    dependencies:
      '@firebase/app': 0.9.8
      '@firebase/component': 0.6.4
      '@firebase/installations': 0.6.4(@firebase/app@0.9.8)
      '@firebase/logger': 0.4.0
      '@firebase/util': 1.9.3
      tslib: 2.5.0
    dev: false

  /@firebase/remote-config-compat@0.2.4(@firebase/app-compat@0.2.8)(@firebase/app@0.9.8):
    resolution: {integrity: sha512-FKiki53jZirrDFkBHglB3C07j5wBpitAaj8kLME6g8Mx+aq7u9P7qfmuSRytiOItADhWUj7O1JIv7n9q87SuwA==}
    peerDependencies:
      '@firebase/app-compat': 0.x
    dependencies:
      '@firebase/app-compat': 0.2.8
      '@firebase/component': 0.6.4
      '@firebase/logger': 0.4.0
      '@firebase/remote-config': 0.4.4(@firebase/app@0.9.8)
      '@firebase/remote-config-types': 0.3.0
      '@firebase/util': 1.9.3
      tslib: 2.5.0
    transitivePeerDependencies:
      - '@firebase/app'
    dev: false

  /@firebase/remote-config-types@0.3.0:
    resolution: {integrity: sha512-RtEH4vdcbXZuZWRZbIRmQVBNsE7VDQpet2qFvq6vwKLBIQRQR5Kh58M4ok3A3US8Sr3rubYnaGqZSurCwI8uMA==}
    dev: false

  /@firebase/remote-config@0.4.4(@firebase/app@0.9.8):
    resolution: {integrity: sha512-x1ioTHGX8ZwDSTOVp8PBLv2/wfwKzb4pxi0gFezS5GCJwbLlloUH4YYZHHS83IPxnua8b6l0IXUaWd0RgbWwzQ==}
    peerDependencies:
      '@firebase/app': 0.x
    dependencies:
      '@firebase/app': 0.9.8
      '@firebase/component': 0.6.4
      '@firebase/installations': 0.6.4(@firebase/app@0.9.8)
      '@firebase/logger': 0.4.0
      '@firebase/util': 1.9.3
      tslib: 2.5.0
    dev: false

  /@firebase/storage-compat@0.3.2(@firebase/app-compat@0.2.8)(@firebase/app-types@0.9.0)(@firebase/app@0.9.8):
    resolution: {integrity: sha512-wvsXlLa9DVOMQJckbDNhXKKxRNNewyUhhbXev3t8kSgoCotd1v3MmqhKKz93ePhDnhHnDs7bYHy+Qa8dRY6BXw==}
    peerDependencies:
      '@firebase/app-compat': 0.x
    dependencies:
      '@firebase/app-compat': 0.2.8
      '@firebase/component': 0.6.4
      '@firebase/storage': 0.11.2(@firebase/app@0.9.8)
      '@firebase/storage-types': 0.8.0(@firebase/app-types@0.9.0)(@firebase/util@1.9.3)
      '@firebase/util': 1.9.3
      tslib: 2.5.0
    transitivePeerDependencies:
      - '@firebase/app'
      - '@firebase/app-types'
      - encoding
    dev: false

  /@firebase/storage-types@0.8.0(@firebase/app-types@0.9.0)(@firebase/util@1.9.3):
    resolution: {integrity: sha512-isRHcGrTs9kITJC0AVehHfpraWFui39MPaU7Eo8QfWlqW7YPymBmRgjDrlOgFdURh6Cdeg07zmkLP5tzTKRSpg==}
    peerDependencies:
      '@firebase/app-types': 0.x
      '@firebase/util': 1.x
    dependencies:
      '@firebase/app-types': 0.9.0
      '@firebase/util': 1.9.3
    dev: false

  /@firebase/storage@0.11.2(@firebase/app@0.9.8):
    resolution: {integrity: sha512-CtvoFaBI4hGXlXbaCHf8humajkbXhs39Nbh6MbNxtwJiCqxPy9iH3D3CCfXAvP0QvAAwmJUTK3+z9a++Kc4nkA==}
    peerDependencies:
      '@firebase/app': 0.x
    dependencies:
      '@firebase/app': 0.9.8
      '@firebase/component': 0.6.4
      '@firebase/util': 1.9.3
      node-fetch: 2.6.7
      tslib: 2.5.0
    transitivePeerDependencies:
      - encoding
    dev: false

  /@firebase/util@1.9.3:
    resolution: {integrity: sha512-DY02CRhOZwpzO36fHpuVysz6JZrscPiBXD0fXp6qSrL9oNOx5KWICKdR95C0lSITzxp0TZosVyHqzatE8JbcjA==}
    dependencies:
      tslib: 2.5.0
    dev: false

  /@firebase/webchannel-wrapper@0.9.0:
    resolution: {integrity: sha512-BpiZLBWdLFw+qFel9p3Zs1jD6QmH7Ii4aTDu6+vx8ShdidChZUXqDhYJly4ZjSgQh54miXbBgBrk0S+jTIh/Qg==}
    dev: false

  /@grpc/grpc-js@1.7.3:
    resolution: {integrity: sha512-H9l79u4kJ2PVSxUNA08HMYAnUBLj9v6KjYQ7SQ71hOZcEXhShE/y5iQCesP8+6/Ik/7i2O0a10bPquIcYfufog==}
    engines: {node: ^8.13.0 || >=10.10.0}
    dependencies:
      '@grpc/proto-loader': 0.7.6
      '@types/node': 18.16.0
    dev: false

  /@grpc/proto-loader@0.6.13:
    resolution: {integrity: sha512-FjxPYDRTn6Ec3V0arm1FtSpmP6V50wuph2yILpyvTKzjc76oDdoihXqM1DzOW5ubvCC8GivfCnNtfaRE8myJ7g==}
    engines: {node: '>=6'}
    hasBin: true
    dependencies:
      '@types/long': 4.0.2
      lodash.camelcase: 4.3.0
      long: 4.0.0
      protobufjs: 6.11.3
      yargs: 16.2.0
    dev: false

  /@grpc/proto-loader@0.7.6:
    resolution: {integrity: sha512-QyAXR8Hyh7uMDmveWxDSUcJr9NAWaZ2I6IXgAYvQmfflwouTM+rArE2eEaCtLlRqO81j7pRLCt81IefUei6Zbw==}
    engines: {node: '>=6'}
    hasBin: true
    dependencies:
      '@types/long': 4.0.2
      lodash.camelcase: 4.3.0
      long: 4.0.0
      protobufjs: 7.2.3
      yargs: 16.2.0
    dev: false

  /@protobufjs/aspromise@1.1.2:
    resolution: {integrity: sha512-j+gKExEuLmKwvz3OgROXtrJ2UG2x8Ch2YZUxahh+s1F2HZ+wAceUNLkvy6zKCPVRkU++ZWQrdxsUeQXmcg4uoQ==}
    dev: false

  /@protobufjs/base64@1.1.2:
    resolution: {integrity: sha512-AZkcAA5vnN/v4PDqKyMR5lx7hZttPDgClv83E//FMNhR2TMcLUhfRUBHCmSl0oi9zMgDDqRUJkSxO3wm85+XLg==}
    dev: false

  /@protobufjs/codegen@2.0.4:
    resolution: {integrity: sha512-YyFaikqM5sH0ziFZCN3xDC7zeGaB/d0IUb9CATugHWbd1FRFwWwt4ld4OYMPWu5a3Xe01mGAULCdqhMlPl29Jg==}
    dev: false

  /@protobufjs/eventemitter@1.1.0:
    resolution: {integrity: sha512-j9ednRT81vYJ9OfVuXG6ERSTdEL1xVsNgqpkxMsbIabzSo3goCjDIveeGv5d03om39ML71RdmrGNjG5SReBP/Q==}
    dev: false

  /@protobufjs/fetch@1.1.0:
    resolution: {integrity: sha512-lljVXpqXebpsijW71PZaCYeIcE5on1w5DlQy5WH6GLbFryLUrBD4932W/E2BSpfRJWseIL4v/KPgBFxDOIdKpQ==}
    dependencies:
      '@protobufjs/aspromise': 1.1.2
      '@protobufjs/inquire': 1.1.0
    dev: false

  /@protobufjs/float@1.0.2:
    resolution: {integrity: sha512-Ddb+kVXlXst9d+R9PfTIxh1EdNkgoRe5tOX6t01f1lYWOvJnSPDBlG241QLzcyPdoNTsblLUdujGSE4RzrTZGQ==}
    dev: false

  /@protobufjs/inquire@1.1.0:
    resolution: {integrity: sha512-kdSefcPdruJiFMVSbn801t4vFK7KB/5gd2fYvrxhuJYg8ILrmn9SKSX2tZdV6V+ksulWqS7aXjBcRXl3wHoD9Q==}
    dev: false

  /@protobufjs/path@1.1.2:
    resolution: {integrity: sha512-6JOcJ5Tm08dOHAbdR3GrvP+yUUfkjG5ePsHYczMFLq3ZmMkAD98cDgcT2iA1lJ9NVwFd4tH/iSSoe44YWkltEA==}
    dev: false

  /@protobufjs/pool@1.1.0:
    resolution: {integrity: sha512-0kELaGSIDBKvcgS4zkjz1PeddatrjYcmMWOlAuAPwAeccUrPHdUqo/J6LiymHHEiJT5NrF1UVwxY14f+fy4WQw==}
    dev: false

  /@protobufjs/utf8@1.1.0:
    resolution: {integrity: sha512-Vvn3zZrhQZkkBE8LSuW3em98c0FwgO4nxzv6OdSxPKJIEKY2bGbHn+mhGIPerzI4twdxaP8/0+06HBpwf345Lw==}
    dev: false

  /@rollup/plugin-json@6.0.0(rollup@3.21.0):
    resolution: {integrity: sha512-i/4C5Jrdr1XUarRhVu27EEwjt4GObltD7c+MkCIpO2QIbojw8MUs+CCTqOphQi3Qtg1FLmYt+l+6YeoIf51J7w==}
    engines: {node: '>=14.0.0'}
    peerDependencies:
      rollup: ^1.20.0||^2.0.0||^3.0.0
    peerDependenciesMeta:
      rollup:
        optional: true
    dependencies:
      '@rollup/pluginutils': 5.0.2(rollup@3.21.0)
      rollup: 3.21.0
    dev: true

  /@rollup/plugin-node-resolve@15.0.2(rollup@3.21.0):
    resolution: {integrity: sha512-Y35fRGUjC3FaurG722uhUuG8YHOJRJQbI6/CkbRkdPotSpDj9NtIN85z1zrcyDcCQIW4qp5mgG72U+gJ0TAFEg==}
    engines: {node: '>=14.0.0'}
    peerDependencies:
      rollup: ^2.78.0||^3.0.0
    peerDependenciesMeta:
      rollup:
        optional: true
    dependencies:
      '@rollup/pluginutils': 5.0.2(rollup@3.21.0)
      '@types/resolve': 1.20.2
      deepmerge: 4.3.1
      is-builtin-module: 3.2.1
      is-module: 1.0.0
      resolve: 1.22.2
      rollup: 3.21.0
    dev: true

  /@rollup/plugin-typescript@11.1.0(rollup@3.21.0)(typescript@5.0.4):
    resolution: {integrity: sha512-86flrfE+bSHB69znnTV6kVjkncs2LBMhcTCyxWgRxLyfXfQrxg4UwlAqENnjrrxnSNS/XKCDJCl8EkdFJVHOxw==}
    engines: {node: '>=14.0.0'}
    peerDependencies:
      rollup: ^2.14.0||^3.0.0
      tslib: '*'
      typescript: '>=3.7.0'
    peerDependenciesMeta:
      rollup:
        optional: true
      tslib:
        optional: true
    dependencies:
      '@rollup/pluginutils': 5.0.2(rollup@3.21.0)
      resolve: 1.22.2
      rollup: 3.21.0
      typescript: 5.0.4
    dev: true

  /@rollup/pluginutils@5.0.2(rollup@3.21.0):
    resolution: {integrity: sha512-pTd9rIsP92h+B6wWwFbW8RkZv4hiR/xKsqre4SIuAOaOEQRxi0lqLke9k2/7WegC85GgUs9pjmOjCUi3In4vwA==}
    engines: {node: '>=14.0.0'}
    peerDependencies:
      rollup: ^1.20.0||^2.0.0||^3.0.0
    peerDependenciesMeta:
      rollup:
        optional: true
    dependencies:
      '@types/estree': 1.0.1
      estree-walker: 2.0.2
      picomatch: 2.3.1
      rollup: 3.21.0
    dev: true

  /@types/estree@1.0.1:
    resolution: {integrity: sha512-LG4opVs2ANWZ1TJoKc937iMmNstM/d0ae1vNbnBvBhqCSezgVUOzcLCqbI5elV8Vy6WKwKjaqR+zO9VKirBBCA==}
    dev: true

  /@types/long@4.0.2:
    resolution: {integrity: sha512-MqTGEo5bj5t157U6fA/BiDynNkn0YknVdh48CMPkTSpFTVmvao5UQmm7uEF6xBEo7qIMAlY/JSleYaE6VOdpaA==}
    dev: false

  /@types/node@18.16.0:
    resolution: {integrity: sha512-BsAaKhB+7X+H4GnSjGhJG9Qi8Tw+inU9nJDwmD5CgOmBLEI6ArdhikpLX7DjbjDRDTbqZzU2LSQNZg8WGPiSZQ==}
    dev: false

  /@types/resolve@1.20.2:
    resolution: {integrity: sha512-60BCwRFOZCQhDncwQdxxeOEEkbc5dIMccYLwbxsS4TUNeVECQ/pBJ0j09mrHOl/JJvpRPGwO9SvE4nR2Nb/a4Q==}
    dev: true

  /ansi-regex@5.0.1:
    resolution: {integrity: sha512-quJQXlTSUGL2LH9SUXo8VwsY4soanhgo6LNSm84E1LBcE8s3O0wpdiRzyR9z/ZZJMlMWv37qOOb9pdJlMUEKFQ==}
    engines: {node: '>=8'}
    dev: false

  /ansi-styles@4.3.0:
    resolution: {integrity: sha512-zbB9rCJAT1rbjiVDb2hqKFHNYLxgtk8NURxZ3IZwD3F6NtxbXZQCnnSi1Lkx+IDohdPlFp222wVALIheZJQSEg==}
    engines: {node: '>=8'}
    dependencies:
      color-convert: 2.0.1
    dev: false

  /builtin-modules@3.3.0:
    resolution: {integrity: sha512-zhaCDicdLuWN5UbN5IMnFqNMhNfo919sH85y2/ea+5Yg9TsTkeZxpL+JLbp6cgYFS4sRLp3YV4S6yDuqVWHYOw==}
    engines: {node: '>=6'}
    dev: true

  /cliui@7.0.4:
    resolution: {integrity: sha512-OcRE68cOsVMXp1Yvonl/fzkQOyjLSu/8bhPDfQt0e0/Eb283TKP20Fs2MqoPsr9SwA595rRCA+QMzYc9nBP+JQ==}
    dependencies:
      string-width: 4.2.3
      strip-ansi: 6.0.1
      wrap-ansi: 7.0.0
    dev: false

  /color-convert@2.0.1:
    resolution: {integrity: sha512-RRECPsj7iu/xb5oKYcsFHSppFNnsj/52OVTRKb4zP5onXwVF3zVmmToNcOfGC+CRDpfK/U584fMg38ZHCaElKQ==}
    engines: {node: '>=7.0.0'}
    dependencies:
      color-name: 1.1.4
    dev: false

  /color-name@1.1.4:
    resolution: {integrity: sha512-dOy+3AuW3a2wNbZHIuMZpTcgjGuLU/uBL/ubcZF9OXbDo8ff4O8yVp5Bf0efS8uEoYo5q4Fx7dY9OgQGXgAsQA==}
    dev: false

  /deepmerge@4.3.1:
    resolution: {integrity: sha512-3sUqbMEc77XqpdNO7FRyRog+eW3ph+GYCbj+rK+uYyRMuwsVy0rMiVtPn+QJlKFvWP/1PYpapqYn0Me2knFn+A==}
    engines: {node: '>=0.10.0'}
    dev: true

  /emoji-regex@8.0.0:
    resolution: {integrity: sha512-MSjYzcWNOA0ewAHpz0MxpYFvwg6yjy1NG3xteoqz644VCo/RPgnr1/GGt+ic3iJTzQ8Eu3TdM14SawnVUmGE6A==}
    dev: false

  /escalade@3.1.1:
    resolution: {integrity: sha512-k0er2gUkLf8O0zKJiAhmkTnJlTvINGv7ygDNPbeIsX/TJjGJZHuh9B2UxbsaEkmlEo9MfhrSzmhIlhRlI2GXnw==}
    engines: {node: '>=6'}
    dev: false

  /estree-walker@2.0.2:
    resolution: {integrity: sha512-Rfkk/Mp/DL7JVje3u18FxFujQlTNR2q6QfMSMB7AvCBx91NGj/ba3kCfza0f6dVDbw7YlRf/nDrn7pQrCCyQ/w==}
    dev: true

  /faye-websocket@0.11.4:
    resolution: {integrity: sha512-CzbClwlXAuiRQAlUyfqPgvPoNKTckTPGfwZV4ZdAhVcP2lh9KUxJg2b5GkE7XbjKQ3YJnQ9z6D9ntLAlB+tP8g==}
    engines: {node: '>=0.8.0'}
    dependencies:
      websocket-driver: 0.7.4
    dev: false

  /firebase@9.20.0:
    resolution: {integrity: sha512-qkSfdotdgZuMNCi4ddMLT+Pr18m021SkzImgplpihZOSx0utWdO39TgHivMfurlgp0fp4eQ2U4YEDPfP+Iq4bw==}
    dependencies:
      '@firebase/analytics': 0.9.5(@firebase/app@0.9.8)
      '@firebase/analytics-compat': 0.2.5(@firebase/app-compat@0.2.8)(@firebase/app@0.9.8)
      '@firebase/app': 0.9.8
      '@firebase/app-check': 0.6.5(@firebase/app@0.9.8)
      '@firebase/app-check-compat': 0.3.5(@firebase/app-compat@0.2.8)(@firebase/app@0.9.8)
      '@firebase/app-compat': 0.2.8
      '@firebase/app-types': 0.9.0
      '@firebase/auth': 0.23.0(@firebase/app@0.9.8)
      '@firebase/auth-compat': 0.4.0(@firebase/app-compat@0.2.8)(@firebase/app-types@0.9.0)(@firebase/app@0.9.8)
      '@firebase/database': 0.14.4
      '@firebase/database-compat': 0.3.4
      '@firebase/firestore': 3.10.1(@firebase/app@0.9.8)
      '@firebase/firestore-compat': 0.3.7(@firebase/app-compat@0.2.8)(@firebase/app-types@0.9.0)(@firebase/app@0.9.8)
      '@firebase/functions': 0.9.4(@firebase/app@0.9.8)
      '@firebase/functions-compat': 0.3.4(@firebase/app-compat@0.2.8)(@firebase/app@0.9.8)
      '@firebase/installations': 0.6.4(@firebase/app@0.9.8)
      '@firebase/installations-compat': 0.2.4(@firebase/app-compat@0.2.8)(@firebase/app-types@0.9.0)(@firebase/app@0.9.8)
      '@firebase/messaging': 0.12.4(@firebase/app@0.9.8)
      '@firebase/messaging-compat': 0.2.4(@firebase/app-compat@0.2.8)(@firebase/app@0.9.8)
      '@firebase/performance': 0.6.4(@firebase/app@0.9.8)
      '@firebase/performance-compat': 0.2.4(@firebase/app-compat@0.2.8)(@firebase/app@0.9.8)
      '@firebase/remote-config': 0.4.4(@firebase/app@0.9.8)
      '@firebase/remote-config-compat': 0.2.4(@firebase/app-compat@0.2.8)(@firebase/app@0.9.8)
      '@firebase/storage': 0.11.2(@firebase/app@0.9.8)
      '@firebase/storage-compat': 0.3.2(@firebase/app-compat@0.2.8)(@firebase/app-types@0.9.0)(@firebase/app@0.9.8)
      '@firebase/util': 1.9.3
    transitivePeerDependencies:
      - encoding
    dev: false

  /fsevents@2.3.2:
    resolution: {integrity: sha512-xiqMQR4xAeHTuB9uWm+fFRcIOgKBMiOBP+eXiyT7jsgVCq1bkVygt00oASowB7EdtpOHaaPgKt812P9ab+DDKA==}
    engines: {node: ^8.16.0 || ^10.6.0 || >=11.0.0}
    os: [darwin]
    requiresBuild: true
    dev: true
    optional: true

  /function-bind@1.1.1:
    resolution: {integrity: sha512-yIovAzMX49sF8Yl58fSCWJ5svSLuaibPxXQJFLmBObTuCr0Mf1KiPopGM9NiFjiYBCbfaa2Fh6breQ6ANVTI0A==}
    dev: true

  /get-caller-file@2.0.5:
    resolution: {integrity: sha512-DyFP3BM/3YHTQOCUL/w0OZHR0lpKeGrxotcHWcqNEdnltqFwXVfhEBQ94eIo34AfQpo0rGki4cyIiftY06h2Fg==}
    engines: {node: 6.* || 8.* || >= 10.*}
    dev: false

  /has@1.0.3:
    resolution: {integrity: sha512-f2dvO0VU6Oej7RkWJGrehjbzMAjFp5/VKPp5tTpWIV4JHHZK1/BxbFRtf/siA2SWTe09caDmVtYYzWEIbBS4zw==}
    engines: {node: '>= 0.4.0'}
    dependencies:
      function-bind: 1.1.1
    dev: true

  /http-parser-js@0.5.8:
    resolution: {integrity: sha512-SGeBX54F94Wgu5RH3X5jsDtf4eHyRogWX1XGT3b4HuW3tQPM4AaBzoUji/4AAJNXCEOWZ5O0DgZmJw1947gD5Q==}
    dev: false

  /idb@7.0.1:
    resolution: {integrity: sha512-UUxlE7vGWK5RfB/fDwEGgRf84DY/ieqNha6msMV99UsEMQhJ1RwbCd8AYBj3QMgnE3VZnfQvm4oKVCJTYlqIgg==}
    dev: false

  /is-builtin-module@3.2.1:
    resolution: {integrity: sha512-BSLE3HnV2syZ0FK0iMA/yUGplUeMmNz4AW5fnTunbCIqZi4vG3WjJT9FHMy5D69xmAYBHXQhJdALdpwVxV501A==}
    engines: {node: '>=6'}
    dependencies:
      builtin-modules: 3.3.0
    dev: true

  /is-core-module@2.12.0:
    resolution: {integrity: sha512-RECHCBCd/viahWmwj6enj19sKbHfJrddi/6cBDsNTKbNq0f7VeaUkBo60BqzvPqo/W54ChS62Z5qyun7cfOMqQ==}
    dependencies:
      has: 1.0.3
    dev: true

  /is-fullwidth-code-point@3.0.0:
    resolution: {integrity: sha512-zymm5+u+sCsSWyD9qNaejV3DFvhCKclKdizYaJUuHA83RLjb7nSuGnddCHGv0hk+KY7BMAlsWeK4Ueg6EV6XQg==}
    engines: {node: '>=8'}
    dev: false

  /is-module@1.0.0:
    resolution: {integrity: sha512-51ypPSPCoTEIN9dy5Oy+h4pShgJmPCygKfyRCISBI+JoWT/2oJvK8QPxmwv7b/p239jXrm9M1mlQbyKJ5A152g==}
    dev: true

  /lodash.camelcase@4.3.0:
    resolution: {integrity: sha512-TwuEnCnxbc3rAvhf/LbG7tJUDzhqXyFnv3dtzLOPgCG/hODL7WFnsbwktkD7yUV0RrreP/l1PALq/YSg6VvjlA==}
    dev: false

  /long@4.0.0:
    resolution: {integrity: sha512-XsP+KhQif4bjX1kbuSiySJFNAehNxgLb6hPRGJ9QsUr8ajHkuXGdrHmFUTUUXhDwVX2R5bY4JNZEwbUiMhV+MA==}
    dev: false

  /long@5.2.3:
    resolution: {integrity: sha512-lcHwpNoggQTObv5apGNCTdJrO69eHOZMi4BNC+rTLER8iHAqGrUVeLh/irVIM7zTw2bOXA8T6uNPeujwOLg/2Q==}
    dev: false

  /node-fetch@2.6.7:
    resolution: {integrity: sha512-ZjMPFEfVx5j+y2yF35Kzx5sF7kDzxuDj6ziH4FFbOp87zKDZNx8yExJIb05OGF4Nlt9IHFIMBkRl41VdvcNdbQ==}
    engines: {node: 4.x || >=6.0.0}
    peerDependencies:
      encoding: ^0.1.0
    peerDependenciesMeta:
      encoding:
        optional: true
    dependencies:
      whatwg-url: 5.0.0
    dev: false

  /path-parse@1.0.7:
    resolution: {integrity: sha512-LDJzPVEEEPR+y48z93A0Ed0yXb8pAByGWo/k5YYdYgpY2/2EsOsksJrq7lOHxryrVOn1ejG6oAp8ahvOIQD8sw==}
    dev: true

  /picomatch@2.3.1:
    resolution: {integrity: sha512-JU3teHTNjmE2VCGFzuY8EXzCDVwEqB2a8fsIvwaStHhAWJEeVd1o1QD80CU6+ZdEXXSLbSsuLwJjkCBWqRQUVA==}
    engines: {node: '>=8.6'}
    dev: true

  /protobufjs@6.11.3:
    resolution: {integrity: sha512-xL96WDdCZYdU7Slin569tFX712BxsxslWwAfAhCYjQKGTq7dAU91Lomy6nLLhh/dyGhk/YH4TwTSRxTzhuHyZg==}
    hasBin: true
    requiresBuild: true
    dependencies:
      '@protobufjs/aspromise': 1.1.2
      '@protobufjs/base64': 1.1.2
      '@protobufjs/codegen': 2.0.4
      '@protobufjs/eventemitter': 1.1.0
      '@protobufjs/fetch': 1.1.0
      '@protobufjs/float': 1.0.2
      '@protobufjs/inquire': 1.1.0
      '@protobufjs/path': 1.1.2
      '@protobufjs/pool': 1.1.0
      '@protobufjs/utf8': 1.1.0
      '@types/long': 4.0.2
      '@types/node': 18.16.0
      long: 4.0.0
    dev: false

  /protobufjs@7.2.3:
    resolution: {integrity: sha512-TtpvOqwB5Gdz/PQmOjgsrGH1nHjAQVCN7JG4A6r1sXRWESL5rNMAiRcBQlCAdKxZcAbstExQePYG8xof/JVRgg==}
    engines: {node: '>=12.0.0'}
    requiresBuild: true
    dependencies:
      '@protobufjs/aspromise': 1.1.2
      '@protobufjs/base64': 1.1.2
      '@protobufjs/codegen': 2.0.4
      '@protobufjs/eventemitter': 1.1.0
      '@protobufjs/fetch': 1.1.0
      '@protobufjs/float': 1.0.2
      '@protobufjs/inquire': 1.1.0
      '@protobufjs/path': 1.1.2
      '@protobufjs/pool': 1.1.0
      '@protobufjs/utf8': 1.1.0
      '@types/node': 18.16.0
      long: 5.2.3
    dev: false

  /require-directory@2.1.1:
    resolution: {integrity: sha512-fGxEI7+wsG9xrvdjsrlmL22OMTTiHRwAMroiEeMgq8gzoLC/PQr7RsRDSTLUg/bZAZtF+TVIkHc6/4RIKrui+Q==}
    engines: {node: '>=0.10.0'}
    dev: false

  /resolve@1.22.2:
    resolution: {integrity: sha512-Sb+mjNHOULsBv818T40qSPeRiuWLyaGMa5ewydRLFimneixmVy2zdivRl+AF6jaYPC8ERxGDmFSiqui6SfPd+g==}
    hasBin: true
    dependencies:
      is-core-module: 2.12.0
      path-parse: 1.0.7
      supports-preserve-symlinks-flag: 1.0.0
    dev: true

  /rollup@3.21.0:
    resolution: {integrity: sha512-ANPhVcyeHvYdQMUyCbczy33nbLzI7RzrBje4uvNiTDJGIMtlKoOStmympwr9OtS1LZxiDmE2wvxHyVhoLtf1KQ==}
    engines: {node: '>=14.18.0', npm: '>=8.0.0'}
    hasBin: true
    optionalDependencies:
      fsevents: 2.3.2
    dev: true

  /safe-buffer@5.2.1:
    resolution: {integrity: sha512-rp3So07KcdmmKbGvgaNxQSJr7bGVSVk5S9Eq1F+ppbRo70+YeaDxkw5Dd8NPN+GD6bjnYm2VuPuCXmpuYvmCXQ==}
    dev: false

  /string-width@4.2.3:
    resolution: {integrity: sha512-wKyQRQpjJ0sIp62ErSZdGsjMJWsap5oRNihHhu6G7JVO/9jIB6UyevL+tXuOqrng8j/cxKTWyWUwvSTriiZz/g==}
    engines: {node: '>=8'}
    dependencies:
      emoji-regex: 8.0.0
      is-fullwidth-code-point: 3.0.0
      strip-ansi: 6.0.1
    dev: false

  /strip-ansi@6.0.1:
    resolution: {integrity: sha512-Y38VPSHcqkFrCpFnQ9vuSXmquuv5oXOKpGeT6aGrr3o3Gc9AlVa6JBfUSOCnbxGGZF+/0ooI7KrPuUSztUdU5A==}
    engines: {node: '>=8'}
    dependencies:
      ansi-regex: 5.0.1
    dev: false

  /supports-preserve-symlinks-flag@1.0.0:
    resolution: {integrity: sha512-ot0WnXS9fgdkgIcePe6RHNk1WA8+muPa6cSjeR3V8K27q9BB1rTE3R1p7Hv0z1ZyAc8s6Vvv8DIyWf681MAt0w==}
    engines: {node: '>= 0.4'}
    dev: true

  /tr46@0.0.3:
    resolution: {integrity: sha512-N3WMsuqV66lT30CrXNbEjx4GEwlow3v6rr4mCcv6prnfwhS01rkgyFdjPNBYd9br7LpXV1+Emh01fHnq2Gdgrw==}
    dev: false

  /tslib@2.5.0:
    resolution: {integrity: sha512-336iVw3rtn2BUK7ORdIAHTyxHGRIHVReokCR3XjbckJMK7ms8FysBfhLR8IXnAgy7T0PTPNBWKiH514FOW/WSg==}
    dev: false

  /typescript@5.0.4:
    resolution: {integrity: sha512-cW9T5W9xY37cc+jfEnaUvX91foxtHkza3Nw3wkoF4sSlKn0MONdkdEndig/qPBWXNkmplh3NzayQzCiHM4/hqw==}
    engines: {node: '>=12.20'}
    hasBin: true
    dev: true

  /webidl-conversions@3.0.1:
    resolution: {integrity: sha512-2JAn3z8AR6rjK8Sm8orRC0h/bcl/DqL7tRPdGZ4I1CjdF+EaMLmYxBHyXuKL849eucPFhvBoxMsflfOb8kxaeQ==}
    dev: false

  /websocket-driver@0.7.4:
    resolution: {integrity: sha512-b17KeDIQVjvb0ssuSDF2cYXSg2iztliJ4B9WdsuB6J952qCPKmnVq4DyW5motImXHDC1cBT/1UezrJVsKw5zjg==}
    engines: {node: '>=0.8.0'}
    dependencies:
      http-parser-js: 0.5.8
      safe-buffer: 5.2.1
      websocket-extensions: 0.1.4
    dev: false

  /websocket-extensions@0.1.4:
    resolution: {integrity: sha512-OqedPIGOfsDlo31UNwYbCFMSaO9m9G/0faIHj5/dZFDMFqPTcx6UwqyOy3COEaEOg/9VsGIpdqn62W5KhoKSpg==}
    engines: {node: '>=0.8.0'}
    dev: false

  /whatwg-url@5.0.0:
    resolution: {integrity: sha512-saE57nupxk6v3HY35+jzBwYa0rKSy0XR8JSxZPwgLr7ys0IBzhGviA1/TUGJLmSVqs8pb9AnvICXEuOHLprYTw==}
    dependencies:
      tr46: 0.0.3
      webidl-conversions: 3.0.1
    dev: false

  /wrap-ansi@7.0.0:
    resolution: {integrity: sha512-YVGIj2kamLSTxw6NsZjoBxfSwsn0ycdesmc4p+Q21c5zPuZ1pl+NfxVdxPtdHvmNVOQ6XSYG4AUtyt/Fi7D16Q==}
    engines: {node: '>=10'}
    dependencies:
      ansi-styles: 4.3.0
      string-width: 4.2.3
      strip-ansi: 6.0.1
    dev: false

  /y18n@5.0.8:
    resolution: {integrity: sha512-0pfFzegeDWJHJIAmTLRP2DwHjdF5s7jo9tuztdQxAhINCdvS+3nGINqPd00AphqJR/0LhANUS6/+7SCb98YOfA==}
    engines: {node: '>=10'}
    dev: false

  /yargs-parser@20.2.9:
    resolution: {integrity: sha512-y11nGElTIV+CT3Zv9t7VKl+Q3hTQoT9a1Qzezhhl6Rp21gJ/IVTW7Z3y9EWXhuUBC2Shnf+DX0antecpAwSP8w==}
    engines: {node: '>=10'}
    dev: false

  /yargs@16.2.0:
    resolution: {integrity: sha512-D1mvvtDG0L5ft/jGWkLpG1+m0eQxOfaBvTNELraWj22wSVUMWxZUvYgJYcKh6jGGIkJFhH4IZPQhR4TKpc8mBw==}
    engines: {node: '>=10'}
    dependencies:
      cliui: 7.0.4
      escalade: 3.1.1
      get-caller-file: 2.0.5
      require-directory: 2.1.1
      string-width: 4.2.3
      y18n: 5.0.8
      yargs-parser: 20.2.9
    dev: false
